
Microsoft Visual Studio Solution File, Format Version 12.00
# Visual Studio 15
VisualStudioVersion = 15.0.28010.2046
MinimumVisualStudioVersion = 10.0.40219.1
Project("{FAE04EC0-301F-11D3-BF4B-00C04F79EFBC}") = "Collections", "Collections\Collections.csproj", "{3315F466-10CE-4CFD-9007-8ED48C2544F3}"
EndProject
Global
	GlobalSection(SolutionConfigurationPlatforms) = preSolution
		Debug|Any CPU = Debug|Any CPU
		Release|Any CPU = Release|Any CPU
	EndGlobalSection
	GlobalSection(ProjectConfigurationPlatforms) = postSolution
		{3315F466-10CE-4CFD-9007-8ED48C2544F3}.Debug|Any CPU.ActiveCfg = Debug|Any CPU
		{3315F466-10CE-4CFD-9007-8ED48C2544F3}.Debug|Any CPU.Build.0 = Debug|Any CPU
		{3315F466-10CE-4CFD-9007-8ED48C2544F3}.Release|Any CPU.ActiveCfg = Release|Any CPU
		{3315F466-10CE-4CFD-9007-8ED48C2544F3}.Release|Any CPU.Build.0 = Release|Any CPU
	EndGlobalSection
	GlobalSection(SolutionProperties) = preSolution
		HideSolutionNode = FALSE
	EndGlobalSection
	GlobalSection(ExtensibilityGlobals) = postSolution
		SolutionGuid = {F17D33B9-7374-4A41-A1E0-56109D61535F}
	EndGlobalSection
EndGlobal
